
Microsoft Visual Studio Solution File, Format Version 12.00
# Visual Studio Version 16
VisualStudioVersion = 16.0.31019.35
MinimumVisualStudioVersion = 10.0.40219.1
Project("{FAE04EC0-301F-11D3-BF4B-00C04F79EFBC}") = "HalicarnassusChat.WebAPI", "HalicarnassusChat.WebAPI\HalicarnassusChat.WebAPI.csproj", "{198635D4-F5EB-41D4-B8DF-FB9858BE279A}"
EndProject
Project("{FAE04EC0-301F-11D3-BF4B-00C04F79EFBC}") = "HalicarnassusChat.Data", "HalicarnassusChat.Data\HalicarnassusChat.Data.csproj", "{E49F8B19-F9DD-4BA2-9277-6A89AE73F430}"
EndProject
Project("{FAE04EC0-301F-11D3-BF4B-00C04F79EFBC}") = "HalicarnassusChat.Models", "HalicarnassusChat.Models\HalicarnassusChat.Models.csproj", "{CF4B52D9-A2FD-4678-94BA-0C16F0788819}"
EndProject
Project("{FAE04EC0-301F-11D3-BF4B-00C04F79EFBC}") = "HalicarnassusChat.Services", "HalicarnassusChat.Services\HalicarnassusChat.Services.csproj", "{5C3CCE1F-22AE-4812-8F79-DF6E8486F8D2}"
EndProject
Global
	GlobalSection(SolutionConfigurationPlatforms) = preSolution
		Debug|Any CPU = Debug|Any CPU
		Release|Any CPU = Release|Any CPU
	EndGlobalSection
	GlobalSection(ProjectConfigurationPlatforms) = postSolution
		{198635D4-F5EB-41D4-B8DF-FB9858BE279A}.Debug|Any CPU.ActiveCfg = Debug|Any CPU
		{198635D4-F5EB-41D4-B8DF-FB9858BE279A}.Debug|Any CPU.Build.0 = Debug|Any CPU
		{198635D4-F5EB-41D4-B8DF-FB9858BE279A}.Release|Any CPU.ActiveCfg = Release|Any CPU
		{198635D4-F5EB-41D4-B8DF-FB9858BE279A}.Release|Any CPU.Build.0 = Release|Any CPU
		{E49F8B19-F9DD-4BA2-9277-6A89AE73F430}.Debug|Any CPU.ActiveCfg = Debug|Any CPU
		{E49F8B19-F9DD-4BA2-9277-6A89AE73F430}.Debug|Any CPU.Build.0 = Debug|Any CPU
		{E49F8B19-F9DD-4BA2-9277-6A89AE73F430}.Release|Any CPU.ActiveCfg = Release|Any CPU
		{E49F8B19-F9DD-4BA2-9277-6A89AE73F430}.Release|Any CPU.Build.0 = Release|Any CPU
		{CF4B52D9-A2FD-4678-94BA-0C16F0788819}.Debug|Any CPU.ActiveCfg = Debug|Any CPU
		{CF4B52D9-A2FD-4678-94BA-0C16F0788819}.Debug|Any CPU.Build.0 = Debug|Any CPU
		{CF4B52D9-A2FD-4678-94BA-0C16F0788819}.Release|Any CPU.ActiveCfg = Release|Any CPU
		{CF4B52D9-A2FD-4678-94BA-0C16F0788819}.Release|Any CPU.Build.0 = Release|Any CPU
		{5C3CCE1F-22AE-4812-8F79-DF6E8486F8D2}.Debug|Any CPU.ActiveCfg = Debug|Any CPU
		{5C3CCE1F-22AE-4812-8F79-DF6E8486F8D2}.Debug|Any CPU.Build.0 = Debug|Any CPU
		{5C3CCE1F-22AE-4812-8F79-DF6E8486F8D2}.Release|Any CPU.ActiveCfg = Release|Any CPU
		{5C3CCE1F-22AE-4812-8F79-DF6E8486F8D2}.Release|Any CPU.Build.0 = Release|Any CPU
	EndGlobalSection
	GlobalSection(SolutionProperties) = preSolution
		HideSolutionNode = FALSE
	EndGlobalSection
	GlobalSection(ExtensibilityGlobals) = postSolution
		SolutionGuid = {0037BDFD-320A-4403-BC91-A8880C8EF323}
	EndGlobalSection
EndGlobal
